// !$*UTF8*$!
{
	archiveVersion = 1;
	classes = {
	};
	objectVersion = 56;
	objects = {

/* Begin PBXBuildFile section */
		B81321B62951056700712274 /* AfricaApp.swift in Sources */ = {isa = PBXBuildFile; fileRef = B81321B52951056700712274 /* AfricaApp.swift */; };
		B81321B82951056700712274 /* ContentView.swift in Sources */ = {isa = PBXBuildFile; fileRef = B81321B72951056700712274 /* ContentView.swift */; };
		B81321BA2951056A00712274 /* Assets.xcassets in Resources */ = {isa = PBXBuildFile; fileRef = B81321B92951056A00712274 /* Assets.xcassets */; };
		B81321BD2951056A00712274 /* Preview Assets.xcassets in Resources */ = {isa = PBXBuildFile; fileRef = B81321BC2951056A00712274 /* Preview Assets.xcassets */; };
		B81321CE29510CF500712274 /* zebra.mp4 in Resources */ = {isa = PBXBuildFile; fileRef = B81321C429510CF200712274 /* zebra.mp4 */; };
		B81321CF29510CF500712274 /* lion.mp4 in Resources */ = {isa = PBXBuildFile; fileRef = B81321C529510CF200712274 /* lion.mp4 */; };
		B81321D029510CF500712274 /* cheetah.mp4 in Resources */ = {isa = PBXBuildFile; fileRef = B81321C629510CF300712274 /* cheetah.mp4 */; };
		B81321D129510CF500712274 /* lioness.mp4 in Resources */ = {isa = PBXBuildFile; fileRef = B81321C729510CF300712274 /* lioness.mp4 */; };
		B81321D229510CF500712274 /* elephant.mp4 in Resources */ = {isa = PBXBuildFile; fileRef = B81321C829510CF300712274 /* elephant.mp4 */; };
		B81321D329510CF500712274 /* gorilla.mp4 in Resources */ = {isa = PBXBuildFile; fileRef = B81321C929510CF300712274 /* gorilla.mp4 */; };
		B81321D429510CF500712274 /* ostrich.mp4 in Resources */ = {isa = PBXBuildFile; fileRef = B81321CA29510CF400712274 /* ostrich.mp4 */; };
		B81321D529510CF500712274 /* giraffe.mp4 in Resources */ = {isa = PBXBuildFile; fileRef = B81321CB29510CF400712274 /* giraffe.mp4 */; };
		B81321D629510CF500712274 /* hippo.mp4 in Resources */ = {isa = PBXBuildFile; fileRef = B81321CC29510CF400712274 /* hippo.mp4 */; };
		B81321D729510CF500712274 /* rhino.mp4 in Resources */ = {isa = PBXBuildFile; fileRef = B81321CD29510CF500712274 /* rhino.mp4 */; };
		B81321DD29510D5400712274 /* covers.json in Resources */ = {isa = PBXBuildFile; fileRef = B81321D929510D5300712274 /* covers.json */; };
		B81321DE29510D5400712274 /* locations.json in Resources */ = {isa = PBXBuildFile; fileRef = B81321DA29510D5300712274 /* locations.json */; };
		B81321DF29510D5400712274 /* videos.json in Resources */ = {isa = PBXBuildFile; fileRef = B81321DB29510D5300712274 /* videos.json */; };
		B81321E029510D5400712274 /* animals.json in Resources */ = {isa = PBXBuildFile; fileRef = B81321DC29510D5300712274 /* animals.json */; };
		B81321E42951282D00712274 /* VideoListView.swift in Sources */ = {isa = PBXBuildFile; fileRef = B81321E32951282D00712274 /* VideoListView.swift */; };
		B81321E62951284500712274 /* MapView.swift in Sources */ = {isa = PBXBuildFile; fileRef = B81321E52951284500712274 /* MapView.swift */; };
		B81321E82951285F00712274 /* GalleryView.swift in Sources */ = {isa = PBXBuildFile; fileRef = B81321E72951285F00712274 /* GalleryView.swift */; };
		B81321EA2951287600712274 /* MainView.swift in Sources */ = {isa = PBXBuildFile; fileRef = B81321E92951287600712274 /* MainView.swift */; };
		B87BD6EA2981E91A006C95B4 /* CoverImageView.swift in Sources */ = {isa = PBXBuildFile; fileRef = B87BD6E92981E91A006C95B4 /* CoverImageView.swift */; };
		B87BD6ED2981E99F006C95B4 /* CodableBundleExtension.swift in Sources */ = {isa = PBXBuildFile; fileRef = B87BD6EC2981E99F006C95B4 /* CodableBundleExtension.swift */; };
		B87BD6F02981EBC2006C95B4 /* CoverImageModel.swift in Sources */ = {isa = PBXBuildFile; fileRef = B87BD6EF2981EBC2006C95B4 /* CoverImageModel.swift */; };
		B87BD6F22981EFA7006C95B4 /* AnimalModel.swift in Sources */ = {isa = PBXBuildFile; fileRef = B87BD6F12981EFA7006C95B4 /* AnimalModel.swift */; };
		B87BD6F42981F03B006C95B4 /* AnimalListItemView.swift in Sources */ = {isa = PBXBuildFile; fileRef = B87BD6F32981F03B006C95B4 /* AnimalListItemView.swift */; };
		B87BD6F62981FA28006C95B4 /* AnimalDetailsView.swift in Sources */ = {isa = PBXBuildFile; fileRef = B87BD6F52981FA28006C95B4 /* AnimalDetailsView.swift */; };
		B87BD6F82981FBF1006C95B4 /* HeadingView.swift in Sources */ = {isa = PBXBuildFile; fileRef = B87BD6F72981FBF1006C95B4 /* HeadingView.swift */; };
		B87BD6FA2981FD21006C95B4 /* InsetFactView.swift in Sources */ = {isa = PBXBuildFile; fileRef = B87BD6F92981FD21006C95B4 /* InsetFactView.swift */; };
		B87BD6FC2981FF06006C95B4 /* InsetGalleryView.swift in Sources */ = {isa = PBXBuildFile; fileRef = B87BD6FB2981FF06006C95B4 /* InsetGalleryView.swift */; };
		B87BD6FE298200D1006C95B4 /* InsetMapView.swift in Sources */ = {isa = PBXBuildFile; fileRef = B87BD6FD298200D1006C95B4 /* InsetMapView.swift */; };
		B87BD7002982026D006C95B4 /* ExternalWeblinkView.swift in Sources */ = {isa = PBXBuildFile; fileRef = B87BD6FF2982026D006C95B4 /* ExternalWeblinkView.swift */; };
		B87BD7022983D38E006C95B4 /* VideoModel.swift in Sources */ = {isa = PBXBuildFile; fileRef = B87BD7012983D38E006C95B4 /* VideoModel.swift */; };
		B8AC52F52983DE8700BD4420 /* VideoPlayerHelper.swift in Sources */ = {isa = PBXBuildFile; fileRef = B8AC52F42983DE8700BD4420 /* VideoPlayerHelper.swift */; };
		B8AC52F72983E1DA00BD4420 /* VideoListItemView.swift in Sources */ = {isa = PBXBuildFile; fileRef = B8AC52F62983E1DA00BD4420 /* VideoListItemView.swift */; };
		B8AC52F92983EFD800BD4420 /* VideoPlayerView.swift in Sources */ = {isa = PBXBuildFile; fileRef = B8AC52F82983EFD800BD4420 /* VideoPlayerView.swift */; };
/* End PBXBuildFile section */

/* Begin PBXFileReference section */
		B81321B22951056700712274 /* Africa.app */ = {isa = PBXFileReference; explicitFileType = wrapper.application; includeInIndex = 0; path = Africa.app; sourceTree = BUILT_PRODUCTS_DIR; };
		B81321B52951056700712274 /* AfricaApp.swift */ = {isa = PBXFileReference; lastKnownFileType = sourcecode.swift; path = AfricaApp.swift; sourceTree = "<group>"; };
		B81321B72951056700712274 /* ContentView.swift */ = {isa = PBXFileReference; lastKnownFileType = sourcecode.swift; path = ContentView.swift; sourceTree = "<group>"; };
		B81321B92951056A00712274 /* Assets.xcassets */ = {isa = PBXFileReference; lastKnownFileType = folder.assetcatalog; path = Assets.xcassets; sourceTree = "<group>"; };
		B81321BC2951056A00712274 /* Preview Assets.xcassets */ = {isa = PBXFileReference; lastKnownFileType = folder.assetcatalog; path = "Preview Assets.xcassets"; sourceTree = "<group>"; };
		B81321C429510CF200712274 /* zebra.mp4 */ = {isa = PBXFileReference; lastKnownFileType = file; path = zebra.mp4; sourceTree = "<group>"; };
		B81321C529510CF200712274 /* lion.mp4 */ = {isa = PBXFileReference; lastKnownFileType = file; path = lion.mp4; sourceTree = "<group>"; };
		B81321C629510CF300712274 /* cheetah.mp4 */ = {isa = PBXFileReference; lastKnownFileType = file; path = cheetah.mp4; sourceTree = "<group>"; };
		B81321C729510CF300712274 /* lioness.mp4 */ = {isa = PBXFileReference; lastKnownFileType = file; path = lioness.mp4; sourceTree = "<group>"; };
		B81321C829510CF300712274 /* elephant.mp4 */ = {isa = PBXFileReference; lastKnownFileType = file; path = elephant.mp4; sourceTree = "<group>"; };
		B81321C929510CF300712274 /* gorilla.mp4 */ = {isa = PBXFileReference; lastKnownFileType = file; path = gorilla.mp4; sourceTree = "<group>"; };
		B81321CA29510CF400712274 /* ostrich.mp4 */ = {isa = PBXFileReference; lastKnownFileType = file; path = ostrich.mp4; sourceTree = "<group>"; };
		B81321CB29510CF400712274 /* giraffe.mp4 */ = {isa = PBXFileReference; lastKnownFileType = file; path = giraffe.mp4; sourceTree = "<group>"; };
		B81321CC29510CF400712274 /* hippo.mp4 */ = {isa = PBXFileReference; lastKnownFileType = file; path = hippo.mp4; sourceTree = "<group>"; };
		B81321CD29510CF500712274 /* rhino.mp4 */ = {isa = PBXFileReference; lastKnownFileType = file; path = rhino.mp4; sourceTree = "<group>"; };
		B81321D929510D5300712274 /* covers.json */ = {isa = PBXFileReference; fileEncoding = 4; lastKnownFileType = text.json; path = covers.json; sourceTree = "<group>"; };
		B81321DA29510D5300712274 /* locations.json */ = {isa = PBXFileReference; fileEncoding = 4; lastKnownFileType = text.json; path = locations.json; sourceTree = "<group>"; };
		B81321DB29510D5300712274 /* videos.json */ = {isa = PBXFileReference; fileEncoding = 4; lastKnownFileType = text.json; path = videos.json; sourceTree = "<group>"; };
		B81321DC29510D5300712274 /* animals.json */ = {isa = PBXFileReference; fileEncoding = 4; lastKnownFileType = text.json; path = animals.json; sourceTree = "<group>"; };
		B81321E129510E9500712274 /* Info.plist */ = {isa = PBXFileReference; lastKnownFileType = text.plist; path = Info.plist; sourceTree = "<group>"; };
		B81321E32951282D00712274 /* VideoListView.swift */ = {isa = PBXFileReference; lastKnownFileType = sourcecode.swift; path = VideoListView.swift; sourceTree = "<group>"; };
		B81321E52951284500712274 /* MapView.swift */ = {isa = PBXFileReference; lastKnownFileType = sourcecode.swift; path = MapView.swift; sourceTree = "<group>"; };
		B81321E72951285F00712274 /* GalleryView.swift */ = {isa = PBXFileReference; lastKnownFileType = sourcecode.swift; path = GalleryView.swift; sourceTree = "<group>"; };
		B81321E92951287600712274 /* MainView.swift */ = {isa = PBXFileReference; lastKnownFileType = sourcecode.swift; path = MainView.swift; sourceTree = "<group>"; };
		B87BD6E92981E91A006C95B4 /* CoverImageView.swift */ = {isa = PBXFileReference; lastKnownFileType = sourcecode.swift; path = CoverImageView.swift; sourceTree = "<group>"; };
		B87BD6EC2981E99F006C95B4 /* CodableBundleExtension.swift */ = {isa = PBXFileReference; lastKnownFileType = sourcecode.swift; path = CodableBundleExtension.swift; sourceTree = "<group>"; };
		B87BD6EF2981EBC2006C95B4 /* CoverImageModel.swift */ = {isa = PBXFileReference; lastKnownFileType = sourcecode.swift; path = CoverImageModel.swift; sourceTree = "<group>"; };
		B87BD6F12981EFA7006C95B4 /* AnimalModel.swift */ = {isa = PBXFileReference; lastKnownFileType = sourcecode.swift; path = AnimalModel.swift; sourceTree = "<group>"; };
		B87BD6F32981F03B006C95B4 /* AnimalListItemView.swift */ = {isa = PBXFileReference; lastKnownFileType = sourcecode.swift; path = AnimalListItemView.swift; sourceTree = "<group>"; };
		B87BD6F52981FA28006C95B4 /* AnimalDetailsView.swift */ = {isa = PBXFileReference; lastKnownFileType = sourcecode.swift; path = AnimalDetailsView.swift; sourceTree = "<group>"; };
		B87BD6F72981FBF1006C95B4 /* HeadingView.swift */ = {isa = PBXFileReference; lastKnownFileType = sourcecode.swift; path = HeadingView.swift; sourceTree = "<group>"; };
		B87BD6F92981FD21006C95B4 /* InsetFactView.swift */ = {isa = PBXFileReference; lastKnownFileType = sourcecode.swift; path = InsetFactView.swift; sourceTree = "<group>"; };
		B87BD6FB2981FF06006C95B4 /* InsetGalleryView.swift */ = {isa = PBXFileReference; lastKnownFileType = sourcecode.swift; path = InsetGalleryView.swift; sourceTree = "<group>"; };
		B87BD6FD298200D1006C95B4 /* InsetMapView.swift */ = {isa = PBXFileReference; lastKnownFileType = sourcecode.swift; path = InsetMapView.swift; sourceTree = "<group>"; };
		B87BD6FF2982026D006C95B4 /* ExternalWeblinkView.swift */ = {isa = PBXFileReference; lastKnownFileType = sourcecode.swift; path = ExternalWeblinkView.swift; sourceTree = "<group>"; };
		B87BD7012983D38E006C95B4 /* VideoModel.swift */ = {isa = PBXFileReference; lastKnownFileType = sourcecode.swift; path = VideoModel.swift; sourceTree = "<group>"; };
		B8AC52F42983DE8700BD4420 /* VideoPlayerHelper.swift */ = {isa = PBXFileReference; lastKnownFileType = sourcecode.swift; path = VideoPlayerHelper.swift; sourceTree = "<group>"; };
		B8AC52F62983E1DA00BD4420 /* VideoListItemView.swift */ = {isa = PBXFileReference; lastKnownFileType = sourcecode.swift; path = VideoListItemView.swift; sourceTree = "<group>"; };
		B8AC52F82983EFD800BD4420 /* VideoPlayerView.swift */ = {isa = PBXFileReference; lastKnownFileType = sourcecode.swift; path = VideoPlayerView.swift; sourceTree = "<group>"; };
/* End PBXFileReference section */

/* Begin PBXFrameworksBuildPhase section */
		B81321AF2951056700712274 /* Frameworks */ = {
			isa = PBXFrameworksBuildPhase;
			buildActionMask = 2147483647;
			files = (
			);
			runOnlyForDeploymentPostprocessing = 0;
		};
/* End PBXFrameworksBuildPhase section */

/* Begin PBXGroup section */
		B81321A92951056700712274 = {
			isa = PBXGroup;
			children = (
				B81321B42951056700712274 /* Africa */,
				B81321B32951056700712274 /* Products */,
			);
			sourceTree = "<group>";
		};
		B81321B32951056700712274 /* Products */ = {
			isa = PBXGroup;
			children = (
				B81321B22951056700712274 /* Africa.app */,
			);
			name = Products;
			sourceTree = "<group>";
		};
		B81321B42951056700712274 /* Africa */ = {
			isa = PBXGroup;
			children = (
				B8AC52F32983DE6E00BD4420 /* Helpler */,
				B87BD6EE2981EBAE006C95B4 /* Model */,
				B87BD6EB2981E97E006C95B4 /* Extension */,
				B87BD6E82981E8F6006C95B4 /* View */,
				B81321E129510E9500712274 /* Info.plist */,
				B81321D829510D2000712274 /* Data */,
				B81321C329510CA400712274 /* Video */,
				B81321E229511A8400712274 /* App */,
				B81321B92951056A00712274 /* Assets.xcassets */,
				B81321BB2951056A00712274 /* Preview Content */,
			);
			path = Africa;
			sourceTree = "<group>";
		};
		B81321BB2951056A00712274 /* Preview Content */ = {
			isa = PBXGroup;
			children = (
				B81321BC2951056A00712274 /* Preview Assets.xcassets */,
			);
			path = "Preview Content";
			sourceTree = "<group>";
		};
		B81321C329510CA400712274 /* Video */ = {
			isa = PBXGroup;
			children = (
				B81321C629510CF300712274 /* cheetah.mp4 */,
				B81321C829510CF300712274 /* elephant.mp4 */,
				B81321CB29510CF400712274 /* giraffe.mp4 */,
				B81321C929510CF300712274 /* gorilla.mp4 */,
				B81321CC29510CF400712274 /* hippo.mp4 */,
				B81321C529510CF200712274 /* lion.mp4 */,
				B81321C729510CF300712274 /* lioness.mp4 */,
				B81321CA29510CF400712274 /* ostrich.mp4 */,
				B81321CD29510CF500712274 /* rhino.mp4 */,
				B81321C429510CF200712274 /* zebra.mp4 */,
			);
			path = Video;
			sourceTree = "<group>";
		};
		B81321D829510D2000712274 /* Data */ = {
			isa = PBXGroup;
			children = (
				B81321DC29510D5300712274 /* animals.json */,
				B81321D929510D5300712274 /* covers.json */,
				B81321DA29510D5300712274 /* locations.json */,
				B81321DB29510D5300712274 /* videos.json */,
			);
			path = Data;
			sourceTree = "<group>";
		};
		B81321E229511A8400712274 /* App */ = {
			isa = PBXGroup;
			children = (
				B81321B52951056700712274 /* AfricaApp.swift */,
				B81321B72951056700712274 /* ContentView.swift */,
				B81321E32951282D00712274 /* VideoListView.swift */,
				B81321E52951284500712274 /* MapView.swift */,
				B81321E72951285F00712274 /* GalleryView.swift */,
				B81321E92951287600712274 /* MainView.swift */,
			);
			path = App;
			sourceTree = "<group>";
		};
		B87BD6E82981E8F6006C95B4 /* View */ = {
			isa = PBXGroup;
			children = (
				B87BD6E92981E91A006C95B4 /* CoverImageView.swift */,
				B87BD6F32981F03B006C95B4 /* AnimalListItemView.swift */,
				B87BD6F52981FA28006C95B4 /* AnimalDetailsView.swift */,
				B87BD6F72981FBF1006C95B4 /* HeadingView.swift */,
				B87BD6F92981FD21006C95B4 /* InsetFactView.swift */,
				B87BD6FB2981FF06006C95B4 /* InsetGalleryView.swift */,
				B87BD6FD298200D1006C95B4 /* InsetMapView.swift */,
				B87BD6FF2982026D006C95B4 /* ExternalWeblinkView.swift */,
				B8AC52F62983E1DA00BD4420 /* VideoListItemView.swift */,
				B8AC52F82983EFD800BD4420 /* VideoPlayerView.swift */,
			);
			path = View;
			sourceTree = "<group>";
		};
		B87BD6EB2981E97E006C95B4 /* Extension */ = {
			isa = PBXGroup;
			children = (
				B87BD6EC2981E99F006C95B4 /* CodableBundleExtension.swift */,
			);
			path = Extension;
			sourceTree = "<group>";
		};
		B87BD6EE2981EBAE006C95B4 /* Model */ = {
			isa = PBXGroup;
			children = (
				B87BD6EF2981EBC2006C95B4 /* CoverImageModel.swift */,
				B87BD6F12981EFA7006C95B4 /* AnimalModel.swift */,
				B87BD7012983D38E006C95B4 /* VideoModel.swift */,
			);
			path = Model;
			sourceTree = "<group>";
		};
		B8AC52F32983DE6E00BD4420 /* Helpler */ = {
			isa = PBXGroup;
			children = (
				B8AC52F42983DE8700BD4420 /* VideoPlayerHelper.swift */,
			);
			path = Helpler;
			sourceTree = "<group>";
		};
/* End PBXGroup section */

/* Begin PBXNativeTarget section */
		B81321B12951056700712274 /* Africa */ = {
			isa = PBXNativeTarget;
			buildConfigurationList = B81321C02951056A00712274 /* Build configuration list for PBXNativeTarget "Africa" */;
			buildPhases = (
				B81321AE2951056700712274 /* Sources */,
				B81321AF2951056700712274 /* Frameworks */,
				B81321B02951056700712274 /* Resources */,
			);
			buildRules = (
			);
			dependencies = (
			);
			name = Africa;
			productName = Africa;
			productReference = B81321B22951056700712274 /* Africa.app */;
			productType = "com.apple.product-type.application";
		};
/* End PBXNativeTarget section */

/* Begin PBXProject section */
		B81321AA2951056700712274 /* Project object */ = {
			isa = PBXProject;
			attributes = {
				BuildIndependentTargetsInParallel = 1;
				LastSwiftUpdateCheck = 1400;
				LastUpgradeCheck = 1400;
				TargetAttributes = {
					B81321B12951056700712274 = {
						CreatedOnToolsVersion = 14.0.1;
					};
				};
			};
			buildConfigurationList = B81321AD2951056700712274 /* Build configuration list for PBXProject "Africa" */;
			compatibilityVersion = "Xcode 14.0";
			developmentRegion = en;
			hasScannedForEncodings = 0;
			knownRegions = (
				en,
				Base,
			);
			mainGroup = B81321A92951056700712274;
			productRefGroup = B81321B32951056700712274 /* Products */;
			projectDirPath = "";
			projectRoot = "";
			targets = (
				B81321B12951056700712274 /* Africa */,
			);
		};
/* End PBXProject section */

/* Begin PBXResourcesBuildPhase section */
		B81321B02951056700712274 /* Resources */ = {
			isa = PBXResourcesBuildPhase;
			buildActionMask = 2147483647;
			files = (
				B81321DE29510D5400712274 /* locations.json in Resources */,
				B81321DD29510D5400712274 /* covers.json in Resources */,
				B81321DF29510D5400712274 /* videos.json in Resources */,
				B81321D729510CF500712274 /* rhino.mp4 in Resources */,
				B81321BD2951056A00712274 /* Preview Assets.xcassets in Resources */,
				B81321D629510CF500712274 /* hippo.mp4 in Resources */,
				B81321D029510CF500712274 /* cheetah.mp4 in Resources */,
				B81321CF29510CF500712274 /* lion.mp4 in Resources */,
				B81321D429510CF500712274 /* ostrich.mp4 in Resources */,
				B81321E029510D5400712274 /* animals.json in Resources */,
				B81321D529510CF500712274 /* giraffe.mp4 in Resources */,
				B81321CE29510CF500712274 /* zebra.mp4 in Resources */,
				B81321D329510CF500712274 /* gorilla.mp4 in Resources */,
				B81321D229510CF500712274 /* elephant.mp4 in Resources */,
				B81321BA2951056A00712274 /* Assets.xcassets in Resources */,
				B81321D129510CF500712274 /* lioness.mp4 in Resources */,
			);
			runOnlyForDeploymentPostprocessing = 0;
		};
/* End PBXResourcesBuildPhase section */

/* Begin PBXSourcesBuildPhase section */
		B81321AE2951056700712274 /* Sources */ = {
			isa = PBXSourcesBuildPhase;
			buildActionMask = 2147483647;
			files = (
				B87BD6FA2981FD21006C95B4 /* InsetFactView.swift in Sources */,
				B87BD6ED2981E99F006C95B4 /* CodableBundleExtension.swift in Sources */,
				B87BD6FC2981FF06006C95B4 /* InsetGalleryView.swift in Sources */,
				B87BD6F42981F03B006C95B4 /* AnimalListItemView.swift in Sources */,
				B87BD6F22981EFA7006C95B4 /* AnimalModel.swift in Sources */,
				B8AC52F52983DE8700BD4420 /* VideoPlayerHelper.swift in Sources */,
				B81321B82951056700712274 /* ContentView.swift in Sources */,
				B81321EA2951287600712274 /* MainView.swift in Sources */,
				B87BD6EA2981E91A006C95B4 /* CoverImageView.swift in Sources */,
				B87BD6F02981EBC2006C95B4 /* CoverImageModel.swift in Sources */,
				B87BD6FE298200D1006C95B4 /* InsetMapView.swift in Sources */,
				B87BD7002982026D006C95B4 /* ExternalWeblinkView.swift in Sources */,
				B81321E62951284500712274 /* MapView.swift in Sources */,
				B81321B62951056700712274 /* AfricaApp.swift in Sources */,
				B87BD7022983D38E006C95B4 /* VideoModel.swift in Sources */,
				B8AC52F72983E1DA00BD4420 /* VideoListItemView.swift in Sources */,
				B87BD6F62981FA28006C95B4 /* AnimalDetailsView.swift in Sources */,
				B81321E42951282D00712274 /* VideoListView.swift in Sources */,
				B81321E82951285F00712274 /* GalleryView.swift in Sources */,
				B87BD6F82981FBF1006C95B4 /* HeadingView.swift in Sources */,
				B8AC52F92983EFD800BD4420 /* VideoPlayerView.swift in Sources */,
			);
			runOnlyForDeploymentPostprocessing = 0;
		};
/* End PBXSourcesBuildPhase section */

/* Begin XCBuildConfiguration section */
		B81321BE2951056A00712274 /* Debug */ = {
			isa = XCBuildConfiguration;
			buildSettings = {
				ALWAYS_SEARCH_USER_PATHS = NO;
				CLANG_ANALYZER_NONNULL = YES;
				CLANG_ANALYZER_NUMBER_OBJECT_CONVERSION = YES_AGGRESSIVE;
				CLANG_CXX_LANGUAGE_STANDARD = "gnu++20";
				CLANG_ENABLE_MODULES = YES;
				CLANG_ENABLE_OBJC_ARC = YES;
				CLANG_ENABLE_OBJC_WEAK = YES;
				CLANG_WARN_BLOCK_CAPTURE_AUTORELEASING = YES;
				CLANG_WARN_BOOL_CONVERSION = YES;
				CLANG_WARN_COMMA = YES;
				CLANG_WARN_CONSTANT_CONVERSION = YES;
				CLANG_WARN_DEPRECATED_OBJC_IMPLEMENTATIONS = YES;
				CLANG_WARN_DIRECT_OBJC_ISA_USAGE = YES_ERROR;
				CLANG_WARN_DOCUMENTATION_COMMENTS = YES;
				CLANG_WARN_EMPTY_BODY = YES;
				CLANG_WARN_ENUM_CONVERSION = YES;
				CLANG_WARN_INFINITE_RECURSION = YES;
				CLANG_WARN_INT_CONVERSION = YES;
				CLANG_WARN_NON_LITERAL_NULL_CONVERSION = YES;
				CLANG_WARN_OBJC_IMPLICIT_RETAIN_SELF = YES;
				CLANG_WARN_OBJC_LITERAL_CONVERSION = YES;
				CLANG_WARN_OBJC_ROOT_CLASS = YES_ERROR;
				CLANG_WARN_QUOTED_INCLUDE_IN_FRAMEWORK_HEADER = YES;
				CLANG_WARN_RANGE_LOOP_ANALYSIS = YES;
				CLANG_WARN_STRICT_PROTOTYPES = YES;
				CLANG_WARN_SUSPICIOUS_MOVE = YES;
				CLANG_WARN_UNGUARDED_AVAILABILITY = YES_AGGRESSIVE;
				CLANG_WARN_UNREACHABLE_CODE = YES;
				CLANG_WARN__DUPLICATE_METHOD_MATCH = YES;
				COPY_PHASE_STRIP = NO;
				DEBUG_INFORMATION_FORMAT = dwarf;
				ENABLE_STRICT_OBJC_MSGSEND = YES;
				ENABLE_TESTABILITY = YES;
				GCC_C_LANGUAGE_STANDARD = gnu11;
				GCC_DYNAMIC_NO_PIC = NO;
				GCC_NO_COMMON_BLOCKS = YES;
				GCC_OPTIMIZATION_LEVEL = 0;
				GCC_PREPROCESSOR_DEFINITIONS = (
					"DEBUG=1",
					"$(inherited)",
				);
				GCC_WARN_64_TO_32_BIT_CONVERSION = YES;
				GCC_WARN_ABOUT_RETURN_TYPE = YES_ERROR;
				GCC_WARN_UNDECLARED_SELECTOR = YES;
				GCC_WARN_UNINITIALIZED_AUTOS = YES_AGGRESSIVE;
				GCC_WARN_UNUSED_FUNCTION = YES;
				GCC_WARN_UNUSED_VARIABLE = YES;
				IPHONEOS_DEPLOYMENT_TARGET = 16.0;
				MTL_ENABLE_DEBUG_INFO = INCLUDE_SOURCE;
				MTL_FAST_MATH = YES;
				ONLY_ACTIVE_ARCH = YES;
				SDKROOT = iphoneos;
				SWIFT_ACTIVE_COMPILATION_CONDITIONS = DEBUG;
				SWIFT_OPTIMIZATION_LEVEL = "-Onone";
			};
			name = Debug;
		};
		B81321BF2951056A00712274 /* Release */ = {
			isa = XCBuildConfiguration;
			buildSettings = {
				ALWAYS_SEARCH_USER_PATHS = NO;
				CLANG_ANALYZER_NONNULL = YES;
				CLANG_ANALYZER_NUMBER_OBJECT_CONVERSION = YES_AGGRESSIVE;
				CLANG_CXX_LANGUAGE_STANDARD = "gnu++20";
				CLANG_ENABLE_MODULES = YES;
				CLANG_ENABLE_OBJC_ARC = YES;
				CLANG_ENABLE_OBJC_WEAK = YES;
				CLANG_WARN_BLOCK_CAPTURE_AUTORELEASING = YES;
				CLANG_WARN_BOOL_CONVERSION = YES;
				CLANG_WARN_COMMA = YES;
				CLANG_WARN_CONSTANT_CONVERSION = YES;
				CLANG_WARN_DEPRECATED_OBJC_IMPLEMENTATIONS = YES;
				CLANG_WARN_DIRECT_OBJC_ISA_USAGE = YES_ERROR;
				CLANG_WARN_DOCUMENTATION_COMMENTS = YES;
				CLANG_WARN_EMPTY_BODY = YES;
				CLANG_WARN_ENUM_CONVERSION = YES;
				CLANG_WARN_INFINITE_RECURSION = YES;
				CLANG_WARN_INT_CONVERSION = YES;
				CLANG_WARN_NON_LITERAL_NULL_CONVERSION = YES;
				CLANG_WARN_OBJC_IMPLICIT_RETAIN_SELF = YES;
				CLANG_WARN_OBJC_LITERAL_CONVERSION = YES;
				CLANG_WARN_OBJC_ROOT_CLASS = YES_ERROR;
				CLANG_WARN_QUOTED_INCLUDE_IN_FRAMEWORK_HEADER = YES;
				CLANG_WARN_RANGE_LOOP_ANALYSIS = YES;
				CLANG_WARN_STRICT_PROTOTYPES = YES;
				CLANG_WARN_SUSPICIOUS_MOVE = YES;
				CLANG_WARN_UNGUARDED_AVAILABILITY = YES_AGGRESSIVE;
				CLANG_WARN_UNREACHABLE_CODE = YES;
				CLANG_WARN__DUPLICATE_METHOD_MATCH = YES;
				COPY_PHASE_STRIP = NO;
				DEBUG_INFORMATION_FORMAT = "dwarf-with-dsym";
				ENABLE_NS_ASSERTIONS = NO;
				ENABLE_STRICT_OBJC_MSGSEND = YES;
				GCC_C_LANGUAGE_STANDARD = gnu11;
				GCC_NO_COMMON_BLOCKS = YES;
				GCC_WARN_64_TO_32_BIT_CONVERSION = YES;
				GCC_WARN_ABOUT_RETURN_TYPE = YES_ERROR;
				GCC_WARN_UNDECLARED_SELECTOR = YES;
				GCC_WARN_UNINITIALIZED_AUTOS = YES_AGGRESSIVE;
				GCC_WARN_UNUSED_FUNCTION = YES;
				GCC_WARN_UNUSED_VARIABLE = YES;
				IPHONEOS_DEPLOYMENT_TARGET = 16.0;
				MTL_ENABLE_DEBUG_INFO = NO;
				MTL_FAST_MATH = YES;
				SDKROOT = iphoneos;
				SWIFT_COMPILATION_MODE = wholemodule;
				SWIFT_OPTIMIZATION_LEVEL = "-O";
				VALIDATE_PRODUCT = YES;
			};
			name = Release;
		};
		B81321C12951056A00712274 /* Debug */ = {
			isa = XCBuildConfiguration;
			buildSettings = {
				ASSETCATALOG_COMPILER_APPICON_NAME = AppIcon;
				ASSETCATALOG_COMPILER_GLOBAL_ACCENT_COLOR_NAME = AccentColor;
				CODE_SIGN_STYLE = Automatic;
				CURRENT_PROJECT_VERSION = 1;
				DEVELOPMENT_ASSET_PATHS = "\"Africa/Preview Content\"";
				DEVELOPMENT_TEAM = XZ3S565LH7;
				ENABLE_PREVIEWS = YES;
				GENERATE_INFOPLIST_FILE = YES;
				INFOPLIST_FILE = Africa/Info.plist;
				INFOPLIST_KEY_UIApplicationSceneManifest_Generation = YES;
				INFOPLIST_KEY_UIApplicationSupportsIndirectInputEvents = YES;
				INFOPLIST_KEY_UISupportedInterfaceOrientations_iPad = "UIInterfaceOrientationPortrait UIInterfaceOrientationPortraitUpsideDown UIInterfaceOrientationLandscapeLeft UIInterfaceOrientationLandscapeRight";
				INFOPLIST_KEY_UISupportedInterfaceOrientations_iPhone = "UIInterfaceOrientationPortrait UIInterfaceOrientationLandscapeLeft UIInterfaceOrientationLandscapeRight";
				INFOPLIST_KEY_UIUserInterfaceStyle = Dark;
				LD_RUNPATH_SEARCH_PATHS = (
					"$(inherited)",
					"@executable_path/Frameworks",
				);
				MARKETING_VERSION = 1.0;
				PRODUCT_BUNDLE_IDENTIFIER = com.example.Africa;
				PRODUCT_NAME = "$(TARGET_NAME)";
				SWIFT_EMIT_LOC_STRINGS = YES;
				SWIFT_VERSION = 5.0;
				TARGETED_DEVICE_FAMILY = "1,2";
			};
			name = Debug;
		};
		B81321C22951056A00712274 /* Release */ = {
			isa = XCBuildConfiguration;
			buildSettings = {
				ASSETCATALOG_COMPILER_APPICON_NAME = AppIcon;
				ASSETCATALOG_COMPILER_GLOBAL_ACCENT_COLOR_NAME = AccentColor;
				CODE_SIGN_STYLE = Automatic;
				CURRENT_PROJECT_VERSION = 1;
				DEVELOPMENT_ASSET_PATHS = "\"Africa/Preview Content\"";
				DEVELOPMENT_TEAM = XZ3S565LH7;
				ENABLE_PREVIEWS = YES;
				GENERATE_INFOPLIST_FILE = YES;
				INFOPLIST_FILE = Africa/Info.plist;
				INFOPLIST_KEY_UIApplicationSceneManifest_Generation = YES;
				INFOPLIST_KEY_UIApplicationSupportsIndirectInputEvents = YES;
				INFOPLIST_KEY_UISupportedInterfaceOrientations_iPad = "UIInterfaceOrientationPortrait UIInterfaceOrientationPortraitUpsideDown UIInterfaceOrientationLandscapeLeft UIInterfaceOrientationLandscapeRight";
				INFOPLIST_KEY_UISupportedInterfaceOrientations_iPhone = "UIInterfaceOrientationPortrait UIInterfaceOrientationLandscapeLeft UIInterfaceOrientationLandscapeRight";
				INFOPLIST_KEY_UIUserInterfaceStyle = Dark;
				LD_RUNPATH_SEARCH_PATHS = (
					"$(inherited)",
					"@executable_path/Frameworks",
				);
				MARKETING_VERSION = 1.0;
				PRODUCT_BUNDLE_IDENTIFIER = com.example.Africa;
				PRODUCT_NAME = "$(TARGET_NAME)";
				SWIFT_EMIT_LOC_STRINGS = YES;
				SWIFT_VERSION = 5.0;
				TARGETED_DEVICE_FAMILY = "1,2";
			};
			name = Release;
		};
/* End XCBuildConfiguration section */

/* Begin XCConfigurationList section */
		B81321AD2951056700712274 /* Build configuration list for PBXProject "Africa" */ = {
			isa = XCConfigurationList;
			buildConfigurations = (
				B81321BE2951056A00712274 /* Debug */,
				B81321BF2951056A00712274 /* Release */,
			);
			defaultConfigurationIsVisible = 0;
			defaultConfigurationName = Release;
		};
		B81321C02951056A00712274 /* Build configuration list for PBXNativeTarget "Africa" */ = {
			isa = XCConfigurationList;
			buildConfigurations = (
				B81321C12951056A00712274 /* Debug */,
				B81321C22951056A00712274 /* Release */,
			);
			defaultConfigurationIsVisible = 0;
			defaultConfigurationName = Release;
		};
/* End XCConfigurationList section */
	};
	rootObject = B81321AA2951056700712274 /* Project object */;
}
